
Microsoft Visual Studio Solution File, Format Version 12.00
# Visual Studio 14
VisualStudioVersion = 14.0.24720.0
MinimumVisualStudioVersion = 10.0.40219.1
Project("{FAE04EC0-301F-11D3-BF4B-00C04F79EFBC}") = "akkkaSocketServer", "akkkaSocketServer\akkkaSocketServer.csproj", "{7FB6BB93-9168-4394-8E76-2DBD3D4AABEF}"
EndProject
Project("{FAE04EC0-301F-11D3-BF4B-00C04F79EFBC}") = "Client", "Client\Client.csproj", "{AE37892C-1F7B-45B3-BD3E-09E2D681A8DA}"
EndProject
Global
	GlobalSection(SolutionConfigurationPlatforms) = preSolution
		Debug|Any CPU = Debug|Any CPU
		Release|Any CPU = Release|Any CPU
	EndGlobalSection
	GlobalSection(ProjectConfigurationPlatforms) = postSolution
		{7FB6BB93-9168-4394-8E76-2DBD3D4AABEF}.Debug|Any CPU.ActiveCfg = Debug|Any CPU
		{7FB6BB93-9168-4394-8E76-2DBD3D4AABEF}.Debug|Any CPU.Build.0 = Debug|Any CPU
		{7FB6BB93-9168-4394-8E76-2DBD3D4AABEF}.Release|Any CPU.ActiveCfg = Release|Any CPU
		{7FB6BB93-9168-4394-8E76-2DBD3D4AABEF}.Release|Any CPU.Build.0 = Release|Any CPU
		{AE37892C-1F7B-45B3-BD3E-09E2D681A8DA}.Debug|Any CPU.ActiveCfg = Debug|Any CPU
		{AE37892C-1F7B-45B3-BD3E-09E2D681A8DA}.Debug|Any CPU.Build.0 = Debug|Any CPU
		{AE37892C-1F7B-45B3-BD3E-09E2D681A8DA}.Release|Any CPU.ActiveCfg = Release|Any CPU
		{AE37892C-1F7B-45B3-BD3E-09E2D681A8DA}.Release|Any CPU.Build.0 = Release|Any CPU
	EndGlobalSection
	GlobalSection(SolutionProperties) = preSolution
		HideSolutionNode = FALSE
	EndGlobalSection
EndGlobal
